
Microsoft Visual Studio Solution File, Format Version 12.00
# Visual Studio Version 16
VisualStudioVersion = 16.0.31129.286
MinimumVisualStudioVersion = 10.0.40219.1
Project("{2150E333-8FDC-42A3-9474-1A3956D46DE8}") = "Services", "Services", "{4D8C44D1-E007-47FF-8262-B37B869455FA}"
EndProject
Project("{2150E333-8FDC-42A3-9474-1A3956D46DE8}") = "Catalog", "Catalog", "{20D4381B-A337-4B59-AE8F-6360CD01FF2E}"
EndProject
Project("{9A19103F-16F7-4668-BE54-9A1E7A4F7556}") = "Catalog.API", "Services\Catalog\Catalog.API\Catalog.API.csproj", "{873BEDDC-D54C-44E6-874B-4736034189D3}"
EndProject
Project("{E53339B2-1760-4266-BCC7-CA923CBCF16C}") = "docker-compose", "docker-compose.dcproj", "{64DCB661-4A29-4B57-9069-706C3FDEC4EE}"
EndProject
Project("{2150E333-8FDC-42A3-9474-1A3956D46DE8}") = "Basket", "Basket", "{17FF7F0A-6A62-431F-950F-A3260D192A07}"
EndProject
Project("{9A19103F-16F7-4668-BE54-9A1E7A4F7556}") = "Basket.API", "Services\Basket\Basket.API\Basket.API.csproj", "{603F73F7-E8A5-4D3D-8CA0-E19AD54FF13F}"
EndProject
Project("{2150E333-8FDC-42A3-9474-1A3956D46DE8}") = "Discount", "Discount", "{FB7FC205-9022-403B-AEE7-6D15129F4C36}"
EndProject
Project("{9A19103F-16F7-4668-BE54-9A1E7A4F7556}") = "Discount.API", "Services\Discount\Discount.API\Discount.API.csproj", "{BAD06FCC-2123-48D9-882A-24C904C1A709}"
EndProject
Project("{9A19103F-16F7-4668-BE54-9A1E7A4F7556}") = "Discount.Grpc", "Services\Discount\Discount.Grpc\Discount.Grpc.csproj", "{BA4FB03C-1166-4691-B2DD-68E8B7B69D90}"
EndProject
Project("{2150E333-8FDC-42A3-9474-1A3956D46DE8}") = "Ordering", "Ordering", "{CA4C05D5-206A-42B2-A1D8-4DEE1512222D}"
EndProject
Project("{FAE04EC0-301F-11D3-BF4B-00C04F79EFBC}") = "Ordering.API", "Services\Ordering\Ordering.API\Ordering.API.csproj", "{CD06EA2B-7C5C-4EF2-89BA-4E8092BF27F8}"
EndProject
Project("{FAE04EC0-301F-11D3-BF4B-00C04F79EFBC}") = "Ordering.Domain", "Services\Ordering\Ordering.Domain\Ordering.Domain.csproj", "{2ED698E1-2871-41E8-8841-9EF3E4E32FC3}"
EndProject
Project("{FAE04EC0-301F-11D3-BF4B-00C04F79EFBC}") = "Ordering.Application", "Services\Ordering\Ordering.Application\Ordering.Application.csproj", "{1E22D44A-A548-4F95-B35D-834FB83F94FD}"
EndProject
Project("{FAE04EC0-301F-11D3-BF4B-00C04F79EFBC}") = "Ordering.Infrastructure", "Services\Ordering\Ordering.Infrastructure\Ordering.Infrastructure.csproj", "{9E43CB05-4230-49AE-9E05-EE728AA94F4D}"
EndProject
Global
	GlobalSection(SolutionConfigurationPlatforms) = preSolution
		Debug|Any CPU = Debug|Any CPU
		Release|Any CPU = Release|Any CPU
	EndGlobalSection
	GlobalSection(ProjectConfigurationPlatforms) = postSolution
		{873BEDDC-D54C-44E6-874B-4736034189D3}.Debug|Any CPU.ActiveCfg = Debug|Any CPU
		{873BEDDC-D54C-44E6-874B-4736034189D3}.Debug|Any CPU.Build.0 = Debug|Any CPU
		{873BEDDC-D54C-44E6-874B-4736034189D3}.Release|Any CPU.ActiveCfg = Release|Any CPU
		{873BEDDC-D54C-44E6-874B-4736034189D3}.Release|Any CPU.Build.0 = Release|Any CPU
		{64DCB661-4A29-4B57-9069-706C3FDEC4EE}.Debug|Any CPU.ActiveCfg = Debug|Any CPU
		{64DCB661-4A29-4B57-9069-706C3FDEC4EE}.Debug|Any CPU.Build.0 = Debug|Any CPU
		{64DCB661-4A29-4B57-9069-706C3FDEC4EE}.Release|Any CPU.ActiveCfg = Release|Any CPU
		{64DCB661-4A29-4B57-9069-706C3FDEC4EE}.Release|Any CPU.Build.0 = Release|Any CPU
		{603F73F7-E8A5-4D3D-8CA0-E19AD54FF13F}.Debug|Any CPU.ActiveCfg = Debug|Any CPU
		{603F73F7-E8A5-4D3D-8CA0-E19AD54FF13F}.Debug|Any CPU.Build.0 = Debug|Any CPU
		{603F73F7-E8A5-4D3D-8CA0-E19AD54FF13F}.Release|Any CPU.ActiveCfg = Release|Any CPU
		{603F73F7-E8A5-4D3D-8CA0-E19AD54FF13F}.Release|Any CPU.Build.0 = Release|Any CPU
		{BAD06FCC-2123-48D9-882A-24C904C1A709}.Debug|Any CPU.ActiveCfg = Debug|Any CPU
		{BAD06FCC-2123-48D9-882A-24C904C1A709}.Debug|Any CPU.Build.0 = Debug|Any CPU
		{BAD06FCC-2123-48D9-882A-24C904C1A709}.Release|Any CPU.ActiveCfg = Release|Any CPU
		{BAD06FCC-2123-48D9-882A-24C904C1A709}.Release|Any CPU.Build.0 = Release|Any CPU
		{BA4FB03C-1166-4691-B2DD-68E8B7B69D90}.Debug|Any CPU.ActiveCfg = Debug|Any CPU
		{BA4FB03C-1166-4691-B2DD-68E8B7B69D90}.Debug|Any CPU.Build.0 = Debug|Any CPU
		{BA4FB03C-1166-4691-B2DD-68E8B7B69D90}.Release|Any CPU.ActiveCfg = Release|Any CPU
		{BA4FB03C-1166-4691-B2DD-68E8B7B69D90}.Release|Any CPU.Build.0 = Release|Any CPU
		{CD06EA2B-7C5C-4EF2-89BA-4E8092BF27F8}.Debug|Any CPU.ActiveCfg = Debug|Any CPU
		{CD06EA2B-7C5C-4EF2-89BA-4E8092BF27F8}.Debug|Any CPU.Build.0 = Debug|Any CPU
		{CD06EA2B-7C5C-4EF2-89BA-4E8092BF27F8}.Release|Any CPU.ActiveCfg = Release|Any CPU
		{CD06EA2B-7C5C-4EF2-89BA-4E8092BF27F8}.Release|Any CPU.Build.0 = Release|Any CPU
		{2ED698E1-2871-41E8-8841-9EF3E4E32FC3}.Debug|Any CPU.ActiveCfg = Debug|Any CPU
		{2ED698E1-2871-41E8-8841-9EF3E4E32FC3}.Debug|Any CPU.Build.0 = Debug|Any CPU
		{2ED698E1-2871-41E8-8841-9EF3E4E32FC3}.Release|Any CPU.ActiveCfg = Release|Any CPU
		{2ED698E1-2871-41E8-8841-9EF3E4E32FC3}.Release|Any CPU.Build.0 = Release|Any CPU
		{1E22D44A-A548-4F95-B35D-834FB83F94FD}.Debug|Any CPU.ActiveCfg = Debug|Any CPU
		{1E22D44A-A548-4F95-B35D-834FB83F94FD}.Debug|Any CPU.Build.0 = Debug|Any CPU
		{1E22D44A-A548-4F95-B35D-834FB83F94FD}.Release|Any CPU.ActiveCfg = Release|Any CPU
		{1E22D44A-A548-4F95-B35D-834FB83F94FD}.Release|Any CPU.Build.0 = Release|Any CPU
		{9E43CB05-4230-49AE-9E05-EE728AA94F4D}.Debug|Any CPU.ActiveCfg = Debug|Any CPU
		{9E43CB05-4230-49AE-9E05-EE728AA94F4D}.Debug|Any CPU.Build.0 = Debug|Any CPU
		{9E43CB05-4230-49AE-9E05-EE728AA94F4D}.Release|Any CPU.ActiveCfg = Release|Any CPU
		{9E43CB05-4230-49AE-9E05-EE728AA94F4D}.Release|Any CPU.Build.0 = Release|Any CPU
	EndGlobalSection
	GlobalSection(SolutionProperties) = preSolution
		HideSolutionNode = FALSE
	EndGlobalSection
	GlobalSection(NestedProjects) = preSolution
		{20D4381B-A337-4B59-AE8F-6360CD01FF2E} = {4D8C44D1-E007-47FF-8262-B37B869455FA}
		{873BEDDC-D54C-44E6-874B-4736034189D3} = {20D4381B-A337-4B59-AE8F-6360CD01FF2E}
		{17FF7F0A-6A62-431F-950F-A3260D192A07} = {4D8C44D1-E007-47FF-8262-B37B869455FA}
		{603F73F7-E8A5-4D3D-8CA0-E19AD54FF13F} = {17FF7F0A-6A62-431F-950F-A3260D192A07}
		{FB7FC205-9022-403B-AEE7-6D15129F4C36} = {4D8C44D1-E007-47FF-8262-B37B869455FA}
		{BAD06FCC-2123-48D9-882A-24C904C1A709} = {FB7FC205-9022-403B-AEE7-6D15129F4C36}
		{BA4FB03C-1166-4691-B2DD-68E8B7B69D90} = {FB7FC205-9022-403B-AEE7-6D15129F4C36}
		{CA4C05D5-206A-42B2-A1D8-4DEE1512222D} = {4D8C44D1-E007-47FF-8262-B37B869455FA}
		{CD06EA2B-7C5C-4EF2-89BA-4E8092BF27F8} = {CA4C05D5-206A-42B2-A1D8-4DEE1512222D}
		{2ED698E1-2871-41E8-8841-9EF3E4E32FC3} = {CA4C05D5-206A-42B2-A1D8-4DEE1512222D}
		{1E22D44A-A548-4F95-B35D-834FB83F94FD} = {CA4C05D5-206A-42B2-A1D8-4DEE1512222D}
		{9E43CB05-4230-49AE-9E05-EE728AA94F4D} = {CA4C05D5-206A-42B2-A1D8-4DEE1512222D}
	EndGlobalSection
	GlobalSection(ExtensibilityGlobals) = postSolution
		SolutionGuid = {CB0E39AE-FAE3-4AF0-A5FB-F5F3E8CBF15C}
	EndGlobalSection
EndGlobal
